// !$*UTF8*$!
{
	archiveVersion = 1;
	classes = {
	};
	objectVersion = 46;
	objects = {

/* Begin PBXBuildFile section */
		D3F815C5158CDE4700675360 /* UIKit.framework in Frameworks */ = {isa = PBXBuildFile; fileRef = D3F815C4158CDE4700675360 /* UIKit.framework */; };
		D3F815C7158CDE4700675360 /* Foundation.framework in Frameworks */ = {isa = PBXBuildFile; fileRef = D3F815C6158CDE4700675360 /* Foundation.framework */; };
		D3F815C9158CDE4700675360 /* CoreGraphics.framework in Frameworks */ = {isa = PBXBuildFile; fileRef = D3F815C8158CDE4700675360 /* CoreGraphics.framework */; };
		D3F815CF158CDE4700675360 /* InfoPlist.strings in Resources */ = {isa = PBXBuildFile; fileRef = D3F815CD158CDE4700675360 /* InfoPlist.strings */; };
		D3F815D1158CDE4700675360 /* main.m in Sources */ = {isa = PBXBuildFile; fileRef = D3F815D0158CDE4700675360 /* main.m */; };
		D3F815D5158CDE4700675360 /* AppDelegate.m in Sources */ = {isa = PBXBuildFile; fileRef = D3F815D4158CDE4700675360 /* AppDelegate.m */; };
		D3F815D8158CDE4700675360 /* FirstViewController.m in Sources */ = {isa = PBXBuildFile; fileRef = D3F815D7158CDE4700675360 /* FirstViewController.m */; };
		D3F815DA158CDE4700675360 /* first.png in Resources */ = {isa = PBXBuildFile; fileRef = D3F815D9158CDE4700675360 /* first.png */; };
		D3F815DC158CDE4700675360 /* first@2x.png in Resources */ = {isa = PBXBuildFile; fileRef = D3F815DB158CDE4700675360 /* first@2x.png */; };
		D3F815DF158CDE4700675360 /* SecondViewController.m in Sources */ = {isa = PBXBuildFile; fileRef = D3F815DE158CDE4700675360 /* SecondViewController.m */; };
		D3F815E1158CDE4700675360 /* second.png in Resources */ = {isa = PBXBuildFile; fileRef = D3F815E0158CDE4700675360 /* second.png */; };
		D3F815E3158CDE4700675360 /* second@2x.png in Resources */ = {isa = PBXBuildFile; fileRef = D3F815E2158CDE4700675360 /* second@2x.png */; };
		D3F815E6158CDE4700675360 /* FirstViewController.xib in Resources */ = {isa = PBXBuildFile; fileRef = D3F815E4158CDE4700675360 /* FirstViewController.xib */; };
		D3F815E9158CDE4700675360 /* SecondViewController.xib in Resources */ = {isa = PBXBuildFile; fileRef = D3F815E7158CDE4700675360 /* SecondViewController.xib */; };
/* End PBXBuildFile section */

/* Begin PBXFileReference section */
		D3F815C0158CDE4700675360 /* ShoppingPro.app */ = {isa = PBXFileReference; explicitFileType = wrapper.application; includeInIndex = 0; path = ShoppingPro.app; sourceTree = BUILT_PRODUCTS_DIR; };
		D3F815C4158CDE4700675360 /* UIKit.framework */ = {isa = PBXFileReference; lastKnownFileType = wrapper.framework; name = UIKit.framework; path = System/Library/Frameworks/UIKit.framework; sourceTree = SDKROOT; };
		D3F815C6158CDE4700675360 /* Foundation.framework */ = {isa = PBXFileReference; lastKnownFileType = wrapper.framework; name = Foundation.framework; path = System/Library/Frameworks/Foundation.framework; sourceTree = SDKROOT; };
		D3F815C8158CDE4700675360 /* CoreGraphics.framework */ = {isa = PBXFileReference; lastKnownFileType = wrapper.framework; name = CoreGraphics.framework; path = System/Library/Frameworks/CoreGraphics.framework; sourceTree = SDKROOT; };
		D3F815CC158CDE4700675360 /* ShoppingPro-Info.plist */ = {isa = PBXFileReference; path = "ShoppingPro-Info.plist"; sourceTree = "<group>"; };
		D3F815CE158CDE4700675360 /* en */ = {isa = PBXFileReference; lastKnownFileType = text.plist.strings; name = en; path = en.lproj/InfoPlist.strings; sourceTree = "<group>"; };
		D3F815D0158CDE4700675360 /* main.m */ = {isa = PBXFileReference; lastKnownFileType = sourcecode.c.objc; path = main.m; sourceTree = "<group>"; };
		D3F815D2158CDE4700675360 /* ShoppingPro-Prefix.pch */ = {isa = PBXFileReference; path = "ShoppingPro-Prefix.pch"; sourceTree = "<group>"; };
		D3F815D3158CDE4700675360 /* AppDelegate.h */ = {isa = PBXFileReference; path = AppDelegate.h; sourceTree = "<group>"; };
		D3F815D4158CDE4700675360 /* AppDelegate.m */ = {isa = PBXFileReference; lastKnownFileType = sourcecode.c.objc; path = AppDelegate.m; sourceTree = "<group>"; };
		D3F815D6158CDE4700675360 /* FirstViewController.h */ = {isa = PBXFileReference; path = FirstViewController.h; sourceTree = "<group>"; };
		D3F815D7158CDE4700675360 /* FirstViewController.m */ = {isa = PBXFileReference; lastKnownFileType = sourcecode.c.objc; path = FirstViewController.m; sourceTree = "<group>"; };
		D3F815D9158CDE4700675360 /* first.png */ = {isa = PBXFileReference; lastKnownFileType = image.png; path = first.png; sourceTree = "<group>"; };
		D3F815DB158CDE4700675360 /* first@2x.png */ = {isa = PBXFileReference; lastKnownFileType = image.png; path = "first@2x.png"; sourceTree = "<group>"; };
		D3F815DD158CDE4700675360 /* SecondViewController.h */ = {isa = PBXFileReference; path = SecondViewController.h; sourceTree = "<group>"; };
		D3F815DE158CDE4700675360 /* SecondViewController.m */ = {isa = PBXFileReference; lastKnownFileType = sourcecode.c.objc; path = SecondViewController.m; sourceTree = "<group>"; };
		D3F815E0158CDE4700675360 /* second.png */ = {isa = PBXFileReference; lastKnownFileType = image.png; path = second.png; sourceTree = "<group>"; };
		D3F815E2158CDE4700675360 /* second@2x.png */ = {isa = PBXFileReference; lastKnownFileType = image.png; path = "second@2x.png"; sourceTree = "<group>"; };
		D3F815E5158CDE4700675360 /* en */ = {isa = PBXFileReference; lastKnownFileType = file.xib; name = en; path = en.lproj/FirstViewController.xib; sourceTree = "<group>"; };
		D3F815E8158CDE4700675360 /* en */ = {isa = PBXFileReference; lastKnownFileType = file.xib; name = en; path = en.lproj/SecondViewController.xib; sourceTree = "<group>"; };
/* End PBXFileReference section */

/* Begin PBXFrameworksBuildPhase section */
		D3F815BD158CDE4700675360 /* Frameworks */ = {
			isa = PBXFrameworksBuildPhase;
			buildActionMask = 2147483647;
			files = (
				D3F815C5158CDE4700675360 /* UIKit.framework in Frameworks */,
				D3F815C7158CDE4700675360 /* Foundation.framework in Frameworks */,
				D3F815C9158CDE4700675360 /* CoreGraphics.framework in Frameworks */,
			);
			runOnlyForDeploymentPostprocessing = 0;
		};
/* End PBXFrameworksBuildPhase section */

/* Begin PBXGroup section */
		D3F815B5158CDE4600675360 = {
			isa = PBXGroup;
			children = (
				D3F815CA158CDE4700675360 /* ShoppingPro */,
				D3F815C3158CDE4700675360 /* Frameworks */,
				D3F815C1158CDE4700675360 /* Products */,
			);
			sourceTree = "<group>";
		};
		D3F815C1158CDE4700675360 /* Products */ = {
			isa = PBXGroup;
			children = (
				D3F815C0158CDE4700675360 /* ShoppingPro.app */,
			);
			name = Products;
			sourceTree = "<group>";
		};
		D3F815C3158CDE4700675360 /* Frameworks */ = {
			isa = PBXGroup;
			children = (
				D3F815C4158CDE4700675360 /* UIKit.framework */,
				D3F815C6158CDE4700675360 /* Foundation.framework */,
				D3F815C8158CDE4700675360 /* CoreGraphics.framework */,
			);
			name = Frameworks;
			sourceTree = "<group>";
		};
		D3F815CA158CDE4700675360 /* ShoppingPro */ = {
			isa = PBXGroup;
			children = (
				D3F815D3158CDE4700675360 /* AppDelegate.h */,
				D3F815D4158CDE4700675360 /* AppDelegate.m */,
				D3F815D6158CDE4700675360 /* FirstViewController.h */,
				D3F815D7158CDE4700675360 /* FirstViewController.m */,
				D3F815D9158CDE4700675360 /* first.png */,
				D3F815DB158CDE4700675360 /* first@2x.png */,
				D3F815DD158CDE4700675360 /* SecondViewController.h */,
				D3F815DE158CDE4700675360 /* SecondViewController.m */,
				D3F815E0158CDE4700675360 /* second.png */,
				D3F815E2158CDE4700675360 /* second@2x.png */,
				D3F815E4158CDE4700675360 /* FirstViewController.xib */,
				D3F815E7158CDE4700675360 /* SecondViewController.xib */,
				D3F815CB158CDE4700675360 /* Supporting Files */,
			);
			path = ShoppingPro;
			sourceTree = "<group>";
		};
		D3F815CB158CDE4700675360 /* Supporting Files */ = {
			isa = PBXGroup;
			children = (
				D3F815CC158CDE4700675360 /* ShoppingPro-Info.plist */,
				D3F815CD158CDE4700675360 /* InfoPlist.strings */,
				D3F815D0158CDE4700675360 /* main.m */,
				D3F815D2158CDE4700675360 /* ShoppingPro-Prefix.pch */,
			);
			name = "Supporting Files";
			sourceTree = "<group>";
		};
/* End PBXGroup section */

/* Begin PBXNativeTarget section */
		D3F815BF158CDE4700675360 /* ShoppingPro */ = {
			isa = PBXNativeTarget;
			buildConfigurationList = D3F815EC158CDE4700675360 /* Build configuration list for PBXNativeTarget "ShoppingPro" */;
			buildPhases = (
				D3F815BC158CDE4700675360 /* Sources */,
				D3F815BD158CDE4700675360 /* Frameworks */,
				D3F815BE158CDE4700675360 /* Resources */,
			);
			buildRules = (
			);
			dependencies = (
			);
			name = ShoppingPro;
			productName = ShoppingPro;
			productReference = D3F815C0158CDE4700675360 /* ShoppingPro.app */;
			productType = "com.apple.product-type.application";
		};
/* End PBXNativeTarget section */

/* Begin PBXProject section */
		D3F815B7158CDE4600675360 /* Project object */ = {
			isa = PBXProject;
			attributes = {
				LastUpgradeCheck = 0430;
			};
			buildConfigurationList = D3F815BA158CDE4600675360 /* Build configuration list for PBXProject "ShoppingPro" */;
			compatibilityVersion = "Xcode 3.2";
			developmentRegion = English;
			hasScannedForEncodings = 0;
			knownRegions = (
				en,
			);
			mainGroup = D3F815B5158CDE4600675360;
			productRefGroup = D3F815C1158CDE4700675360 /* Products */;
			projectDirPath = "";
			projectRoot = "";
			targets = (
				D3F815BF158CDE4700675360 /* ShoppingPro */,
			);
		};
/* End PBXProject section */

/* Begin PBXResourcesBuildPhase section */
		D3F815BE158CDE4700675360 /* Resources */ = {
			isa = PBXResourcesBuildPhase;
			buildActionMask = 2147483647;
			files = (
				D3F815CF158CDE4700675360 /* InfoPlist.strings in Resources */,
				D3F815DA158CDE4700675360 /* first.png in Resources */,
				D3F815DC158CDE4700675360 /* first@2x.png in Resources */,
				D3F815E1158CDE4700675360 /* second.png in Resources */,
				D3F815E3158CDE4700675360 /* second@2x.png in Resources */,
				D3F815E6158CDE4700675360 /* FirstViewController.xib in Resources */,
				D3F815E9158CDE4700675360 /* SecondViewController.xib in Resources */,
			);
			runOnlyForDeploymentPostprocessing = 0;
		};
/* End PBXResourcesBuildPhase section */

/* Begin PBXSourcesBuildPhase section */
		D3F815BC158CDE4700675360 /* Sources */ = {
			isa = PBXSourcesBuildPhase;
			buildActionMask = 2147483647;
			files = (
				D3F815D1158CDE4700675360 /* main.m in Sources */,
				D3F815D5158CDE4700675360 /* AppDelegate.m in Sources */,
				D3F815D8158CDE4700675360 /* FirstViewController.m in Sources */,
				D3F815DF158CDE4700675360 /* SecondViewController.m in Sources */,
			);
			runOnlyForDeploymentPostprocessing = 0;
		};
/* End PBXSourcesBuildPhase section */

/* Begin PBXVariantGroup section */
		D3F815CD158CDE4700675360 /* InfoPlist.strings */ = {
			isa = PBXVariantGroup;
			children = (
				D3F815CE158CDE4700675360 /* en */,
			);
			name = InfoPlist.strings;
			sourceTree = "<group>";
		};
		D3F815E4158CDE4700675360 /* FirstViewController.xib */ = {
			isa = PBXVariantGroup;
			children = (
				D3F815E5158CDE4700675360 /* en */,
			);
			name = FirstViewController.xib;
			sourceTree = "<group>";
		};
		D3F815E7158CDE4700675360 /* SecondViewController.xib */ = {
			isa = PBXVariantGroup;
			children = (
				D3F815E8158CDE4700675360 /* en */,
			);
			name = SecondViewController.xib;
			sourceTree = "<group>";
		};
/* End PBXVariantGroup section */

/* Begin XCBuildConfiguration section */
		D3F815EA158CDE4700675360 /* Debug */ = {
			isa = XCBuildConfiguration;
			buildSettings = {
				ALWAYS_SEARCH_USER_PATHS = NO;
				ARCHS = "$(ARCHS_STANDARD_32_BIT)";
				CLANG_ENABLE_OBJC_ARC = YES;
				"CODE_SIGN_IDENTITY[sdk=iphoneos*]" = "iPhone Developer";
				COPY_PHASE_STRIP = NO;
				GCC_C_LANGUAGE_STANDARD = gnu99;
				GCC_DYNAMIC_NO_PIC = NO;
				GCC_OPTIMIZATION_LEVEL = 0;
				GCC_PREPROCESSOR_DEFINITIONS = (
					"DEBUG=1",
					"$(inherited)",
				);
				GCC_SYMBOLS_PRIVATE_EXTERN = NO;
				GCC_VERSION = com.apple.compilers.llvm.clang.1_0;
				GCC_WARN_ABOUT_RETURN_TYPE = YES;
				GCC_WARN_UNINITIALIZED_AUTOS = YES;
				GCC_WARN_UNUSED_VARIABLE = YES;
				IPHONEOS_DEPLOYMENT_TARGET = 5.1;
				SDKROOT = iphoneos;
			};
			name = Debug;
		};
		D3F815EB158CDE4700675360 /* Release */ = {
			isa = XCBuildConfiguration;
			buildSettings = {
				ALWAYS_SEARCH_USER_PATHS = NO;
				ARCHS = "$(ARCHS_STANDARD_32_BIT)";
				CLANG_ENABLE_OBJC_ARC = YES;
				"CODE_SIGN_IDENTITY[sdk=iphoneos*]" = "iPhone Developer";
				COPY_PHASE_STRIP = YES;
				GCC_C_LANGUAGE_STANDARD = gnu99;
				GCC_VERSION = com.apple.compilers.llvm.clang.1_0;
				GCC_WARN_ABOUT_RETURN_TYPE = YES;
				GCC_WARN_UNINITIALIZED_AUTOS = YES;
				GCC_WARN_UNUSED_VARIABLE = YES;
				IPHONEOS_DEPLOYMENT_TARGET = 5.1;
				OTHER_CFLAGS = "-DNS_BLOCK_ASSERTIONS=1";
				SDKROOT = iphoneos;
				VALIDATE_PRODUCT = YES;
			};
			name = Release;
		};
		D3F815ED158CDE4700675360 /* Debug */ = {
			isa = XCBuildConfiguration;
			buildSettings = {
				GCC_PRECOMPILE_PREFIX_HEADER = YES;
				GCC_PREFIX_HEADER = "ShoppingPro/ShoppingPro-Prefix.pch";
				INFOPLIST_FILE = "ShoppingPro/ShoppingPro-Info.plist";
				PRODUCT_NAME = "$(TARGET_NAME)";
				WRAPPER_EXTENSION = app;
			};
			name = Debug;
		};
		D3F815EE158CDE4700675360 /* Release */ = {
			isa = XCBuildConfiguration;
			buildSettings = {
				GCC_PRECOMPILE_PREFIX_HEADER = YES;
				GCC_PREFIX_HEADER = "ShoppingPro/ShoppingPro-Prefix.pch";
				INFOPLIST_FILE = "ShoppingPro/ShoppingPro-Info.plist";
				PRODUCT_NAME = "$(TARGET_NAME)";
				WRAPPER_EXTENSION = app;
			};
			name = Release;
		};
/* End XCBuildConfiguration section */

/* Begin XCConfigurationList section */
		D3F815BA158CDE4600675360 /* Build configuration list for PBXProject "ShoppingPro" */ = {
			isa = XCConfigurationList;
			buildConfigurations = (
				D3F815EA158CDE4700675360 /* Debug */,
				D3F815EB158CDE4700675360 /* Release */,
			);
			defaultConfigurationIsVisible = 0;
			defaultConfigurationName = Release;
		};
		D3F815EC158CDE4700675360 /* Build configuration list for PBXNativeTarget "ShoppingPro" */ = {
			isa = XCConfigurationList;
			buildConfigurations = (
				D3F815ED158CDE4700675360 /* Debug */,
				D3F815EE158CDE4700675360 /* Release */,
			);
			defaultConfigurationIsVisible = 0;
		};
/* End XCConfigurationList section */
	};
	rootObject = D3F815B7158CDE4600675360 /* Project object */;
}
